
Microsoft Visual Studio Solution File, Format Version 12.00
# Visual Studio Version 17
VisualStudioVersion = 17.14.36109.1 d17.14
MinimumVisualStudioVersion = 10.0.40219.1
Project("{FAE04EC0-301F-11D3-BF4B-00C04F79EFBC}") = "ConsoleApp1", "ConsoleApp1\ConsoleApp1.csproj", "{B7373F40-0C23-4220-975D-379101534400}"
EndProject
Global
	GlobalSection(SolutionConfigurationPlatforms) = preSolution
		Debug|Any CPU = Debug|Any CPU
		Release|Any CPU = Release|Any CPU
	EndGlobalSection
	GlobalSection(ProjectConfigurationPlatforms) = postSolution
		{B7373F40-0C23-4220-975D-379101534400}.Debug|Any CPU.ActiveCfg = Debug|Any CPU
		{B7373F40-0C23-4220-975D-379101534400}.Debug|Any CPU.Build.0 = Debug|Any CPU
		{B7373F40-0C23-4220-975D-379101534400}.Release|Any CPU.ActiveCfg = Release|Any CPU
		{B7373F40-0C23-4220-975D-379101534400}.Release|Any CPU.Build.0 = Release|Any CPU
	EndGlobalSection
	GlobalSection(SolutionProperties) = preSolution
		HideSolutionNode = FALSE
	EndGlobalSection
	GlobalSection(ExtensibilityGlobals) = postSolution
		SolutionGuid = {BEB6EB9B-3DD3-40B0-ADB2-98B8C47F5B6F}
	EndGlobalSection
EndGlobal
